{
    "_meta": {
        "hash": {
            "sha256": "64e46aabb6ceb1014b760fc2f833d1c4c189f89b50be2ac757cbf5689a0086d7"
        },
        "pipfile-spec": 6,
        "requires": {
            "python_version": "3.9"
        },
        "sources": [
            {
                "name": "pypi",
                "url": "https://pypi.org/simple",
                "verify_ssl": true
            }
        ]
    },
    "default": {
        "bitstring": {
            "hashes": [
                "sha256:fdf3eb72b229d2864fb507f8f42b1b2c57af7ce5fec035972f9566de440a864a"
            ],
            "index": "pypi",
            "version": "==3.1.7"
        }
    },
    "develop": {}
}
